Microsoft Visual Studio Solution File, Format Version 12.00
# Visual Studio 15
VisualStudioVersion = 15.0.27130.2020
MinimumVisualStudioVersion = 10.0.40219.1
Project("{2150E333-8FDC-42A3-9474-1A3956D46DE8}") = "stuff", "stuff", "{1ABDD7C1-1F8D-402D-8692-3E4B66962DE0}"
	ProjectSection(SolutionItems) = preProject
		CHANGELOG.md = CHANGELOG.md
		CONTRIBUTING.md = CONTRIBUTING.md
		LICENSE.md = LICENSE.md
		README.md = README.md
	EndProjectSection
EndProject
Project("{9A19103F-16F7-4668-BE54-9A1E7A4F7556}") = "Rebus.Oracle", "Rebus.Oracle\Rebus.Oracle.csproj", "{6E71E869-D74B-42B4-9518-9D48B69643AE}"
EndProject
Project("{9A19103F-16F7-4668-BE54-9A1E7A4F7556}") = "Rebus.Oracle.Tests", "Rebus.Oracle.Tests\Rebus.Oracle.Tests.csproj", "{51F26FA8-D596-4A51-AF57-AF500DD8FB30}"
EndProject
Global
	GlobalSection(SolutionConfigurationPlatforms) = preSolution
		Debug|Any CPU = Debug|Any CPU
		Release|Any CPU = Release|Any CPU
	EndGlobalSection
	GlobalSection(ProjectConfigurationPlatforms) = postSolution
		{6E71E869-D74B-42B4-9518-9D48B69643AE}.Debug|Any CPU.ActiveCfg = Debug|Any CPU
		{6E71E869-D74B-42B4-9518-9D48B69643AE}.Debug|Any CPU.Build.0 = Debug|Any CPU
		{6E71E869-D74B-42B4-9518-9D48B69643AE}.Release|Any CPU.ActiveCfg = Release|Any CPU
		{6E71E869-D74B-42B4-9518-9D48B69643AE}.Release|Any CPU.Build.0 = Release|Any CPU
		{51F26FA8-D596-4A51-AF57-AF500DD8FB30}.Debug|Any CPU.ActiveCfg = Debug|Any CPU
		{51F26FA8-D596-4A51-AF57-AF500DD8FB30}.Debug|Any CPU.Build.0 = Debug|Any CPU
		{51F26FA8-D596-4A51-AF57-AF500DD8FB30}.Release|Any CPU.ActiveCfg = Release|Any CPU
		{51F26FA8-D596-4A51-AF57-AF500DD8FB30}.Release|Any CPU.Build.0 = Release|Any CPU
	EndGlobalSection
	GlobalSection(SolutionProperties) = preSolution
		HideSolutionNode = FALSE
	EndGlobalSection
	GlobalSection(ExtensibilityGlobals) = postSolution
		SolutionGuid = {2EB40B08-F737-4F8E-B290-4DD9448E4A92}
	EndGlobalSection
EndGlobal
